
Microsoft Visual Studio Solution File, Format Version 12.00
# Visual Studio Version 16
VisualStudioVersion = 16.0.30907.101
MinimumVisualStudioVersion = 10.0.40219.1
Project("{FAE04EC0-301F-11D3-BF4B-00C04F79EFBC}") = "HermesTranslationChat", "HermesTranslationChat\HermesTranslationChat.csproj", "{49CB18AF-C784-41CD-93B0-C6335BEB8E38}"
EndProject
Global
	GlobalSection(SolutionConfigurationPlatforms) = preSolution
		Debug|Any CPU = Debug|Any CPU
		Release|Any CPU = Release|Any CPU
	EndGlobalSection
	GlobalSection(ProjectConfigurationPlatforms) = postSolution
		{49CB18AF-C784-41CD-93B0-C6335BEB8E38}.Debug|Any CPU.ActiveCfg = Debug|Any CPU
		{49CB18AF-C784-41CD-93B0-C6335BEB8E38}.Debug|Any CPU.Build.0 = Debug|Any CPU
		{49CB18AF-C784-41CD-93B0-C6335BEB8E38}.Release|Any CPU.ActiveCfg = Release|Any CPU
		{49CB18AF-C784-41CD-93B0-C6335BEB8E38}.Release|Any CPU.Build.0 = Release|Any CPU
	EndGlobalSection
	GlobalSection(SolutionProperties) = preSolution
		HideSolutionNode = FALSE
	EndGlobalSection
	GlobalSection(ExtensibilityGlobals) = postSolution
		SolutionGuid = {9DB2CD01-6A0A-4255-ADD2-1F1917C909B1}
	EndGlobalSection
EndGlobal
